
Microsoft Visual Studio Solution File, Format Version 12.00
# Visual Studio Version 16
VisualStudioVersion = 16.0.31729.503
MinimumVisualStudioVersion = 10.0.40219.1
Project("{FAE04EC0-301F-11D3-BF4B-00C04F79EFBC}") = "Practica0", "Practica0\Practica0.csproj", "{859E4885-6E39-42C1-B351-4D5DB06232CB}"
EndProject
Global
	GlobalSection(SolutionConfigurationPlatforms) = preSolution
		Debug|Any CPU = Debug|Any CPU
		Release|Any CPU = Release|Any CPU
	EndGlobalSection
	GlobalSection(ProjectConfigurationPlatforms) = postSolution
		{859E4885-6E39-42C1-B351-4D5DB06232CB}.Debug|Any CPU.ActiveCfg = Debug|Any CPU
		{859E4885-6E39-42C1-B351-4D5DB06232CB}.Debug|Any CPU.Build.0 = Debug|Any CPU
		{859E4885-6E39-42C1-B351-4D5DB06232CB}.Release|Any CPU.ActiveCfg = Release|Any CPU
		{859E4885-6E39-42C1-B351-4D5DB06232CB}.Release|Any CPU.Build.0 = Release|Any CPU
	EndGlobalSection
	GlobalSection(SolutionProperties) = preSolution
		HideSolutionNode = FALSE
	EndGlobalSection
	GlobalSection(ExtensibilityGlobals) = postSolution
		SolutionGuid = {908D2AD8-5143-450F-A419-88531920A488}
	EndGlobalSection
EndGlobal
